
Microsoft Visual Studio Solution File, Format Version 12.00
# Visual Studio Version 17
VisualStudioVersion = 17.5.33516.290
MinimumVisualStudioVersion = 10.0.40219.1
Project("{FAE04EC0-301F-11D3-BF4B-00C04F79EFBC}") = "COMP367_Quiz4", "COMP367_Quiz4\COMP367_Quiz4.csproj", "{A6DB07FF-925A-444E-AF41-8577C2CF3798}"
EndProject
Global
	GlobalSection(SolutionConfigurationPlatforms) = preSolution
		Debug|Any CPU = Debug|Any CPU
		Release|Any CPU = Release|Any CPU
	EndGlobalSection
	GlobalSection(ProjectConfigurationPlatforms) = postSolution
		{A6DB07FF-925A-444E-AF41-8577C2CF3798}.Debug|Any CPU.ActiveCfg = Debug|Any CPU
		{A6DB07FF-925A-444E-AF41-8577C2CF3798}.Debug|Any CPU.Build.0 = Debug|Any CPU
		{A6DB07FF-925A-444E-AF41-8577C2CF3798}.Release|Any CPU.ActiveCfg = Release|Any CPU
		{A6DB07FF-925A-444E-AF41-8577C2CF3798}.Release|Any CPU.Build.0 = Release|Any CPU
	EndGlobalSection
	GlobalSection(SolutionProperties) = preSolution
		HideSolutionNode = FALSE
	EndGlobalSection
	GlobalSection(ExtensibilityGlobals) = postSolution
		SolutionGuid = {5DB82250-4C16-4738-9668-09931A8CA545}
	EndGlobalSection
EndGlobal
